// !$*UTF8*$!
{
	archiveVersion = 1;
	classes = {
	};
	objectVersion = 56;
	objects = {

/* Begin PBXBuildFile section */
		6B51B9472A544C29009BD69E /* Sun.usdz in Resources */ = {isa = PBXBuildFile; fileRef = 6B51B9462A544C29009BD69E /* Sun.usdz */; };
		6B51B9492A54B2D8009BD69E /* MainARViewController.swift in Sources */ = {isa = PBXBuildFile; fileRef = 6B51B9482A54B2D8009BD69E /* MainARViewController.swift */; };
		6B51B96B2A562478009BD69E /* Helpers.swift in Sources */ = {isa = PBXBuildFile; fileRef = 6B51B96A2A562478009BD69E /* Helpers.swift */; };
		6B5F2B132A51B91000A64EE1 /* PlanetaryApp.swift in Sources */ = {isa = PBXBuildFile; fileRef = 6B5F2B122A51B91000A64EE1 /* PlanetaryApp.swift */; };
		6B5F2B152A51B91000A64EE1 /* DetailView.swift in Sources */ = {isa = PBXBuildFile; fileRef = 6B5F2B142A51B91000A64EE1 /* DetailView.swift */; };
		6B5F2B172A51B91100A64EE1 /* Assets.xcassets in Resources */ = {isa = PBXBuildFile; fileRef = 6B5F2B162A51B91100A64EE1 /* Assets.xcassets */; };
		6B5F2B1A2A51B91100A64EE1 /* Preview Assets.xcassets in Resources */ = {isa = PBXBuildFile; fileRef = 6B5F2B192A51B91100A64EE1 /* Preview Assets.xcassets */; };
		6B5F2B252A51BC2100A64EE1 /* Earth.usdz in Resources */ = {isa = PBXBuildFile; fileRef = 6B5F2B242A51BC2100A64EE1 /* Earth.usdz */; };
		6B5F2B462A52259E00A64EE1 /* MainARView.swift in Sources */ = {isa = PBXBuildFile; fileRef = 6B5F2B452A52259E00A64EE1 /* MainARView.swift */; };
		6B5F2B482A5225D600A64EE1 /* EarthProject.rcproject in Sources */ = {isa = PBXBuildFile; fileRef = 6B5F2B472A5225D600A64EE1 /* EarthProject.rcproject */; };
		6B5F2B4A2A52409300A64EE1 /* Moon.usdz in Resources */ = {isa = PBXBuildFile; fileRef = 6B5F2B492A52409300A64EE1 /* Moon.usdz */; };
/* End PBXBuildFile section */

/* Begin PBXFileReference section */
		6B51B9462A544C29009BD69E /* Sun.usdz */ = {isa = PBXFileReference; lastKnownFileType = file.usdz; path = Sun.usdz; sourceTree = "<group>"; };
		6B51B9482A54B2D8009BD69E /* MainARViewController.swift */ = {isa = PBXFileReference; lastKnownFileType = sourcecode.swift; path = MainARViewController.swift; sourceTree = "<group>"; };
		6B51B96A2A562478009BD69E /* Helpers.swift */ = {isa = PBXFileReference; lastKnownFileType = sourcecode.swift; path = Helpers.swift; sourceTree = "<group>"; };
		6B5F2B0F2A51B91000A64EE1 /* Planetary.app */ = {isa = PBXFileReference; explicitFileType = wrapper.application; includeInIndex = 0; path = Planetary.app; sourceTree = BUILT_PRODUCTS_DIR; };
		6B5F2B122A51B91000A64EE1 /* PlanetaryApp.swift */ = {isa = PBXFileReference; lastKnownFileType = sourcecode.swift; path = PlanetaryApp.swift; sourceTree = "<group>"; };
		6B5F2B142A51B91000A64EE1 /* DetailView.swift */ = {isa = PBXFileReference; lastKnownFileType = sourcecode.swift; path = DetailView.swift; sourceTree = "<group>"; };
		6B5F2B162A51B91100A64EE1 /* Assets.xcassets */ = {isa = PBXFileReference; lastKnownFileType = folder.assetcatalog; path = Assets.xcassets; sourceTree = "<group>"; };
		6B5F2B192A51B91100A64EE1 /* Preview Assets.xcassets */ = {isa = PBXFileReference; lastKnownFileType = folder.assetcatalog; path = "Preview Assets.xcassets"; sourceTree = "<group>"; };
		6B5F2B242A51BC2100A64EE1 /* Earth.usdz */ = {isa = PBXFileReference; lastKnownFileType = file.usdz; path = Earth.usdz; sourceTree = "<group>"; };
		6B5F2B452A52259E00A64EE1 /* MainARView.swift */ = {isa = PBXFileReference; lastKnownFileType = sourcecode.swift; path = MainARView.swift; sourceTree = "<group>"; };
		6B5F2B472A5225D600A64EE1 /* EarthProject.rcproject */ = {isa = PBXFileReference; lastKnownFileType = file.rcproject; path = EarthProject.rcproject; sourceTree = "<group>"; };
		6B5F2B492A52409300A64EE1 /* Moon.usdz */ = {isa = PBXFileReference; lastKnownFileType = file.usdz; path = Moon.usdz; sourceTree = "<group>"; };
/* End PBXFileReference section */

/* Begin PBXFrameworksBuildPhase section */
		6B5F2B0C2A51B91000A64EE1 /* Frameworks */ = {
			isa = PBXFrameworksBuildPhase;
			buildActionMask = 2147483647;
			files = (
			);
			runOnlyForDeploymentPostprocessing = 0;
		};
/* End PBXFrameworksBuildPhase section */

/* Begin PBXGroup section */
		6B5F2B062A51B91000A64EE1 = {
			isa = PBXGroup;
			children = (
				6B51B9462A544C29009BD69E /* Sun.usdz */,
				6B5F2B492A52409300A64EE1 /* Moon.usdz */,
				6B5F2B242A51BC2100A64EE1 /* Earth.usdz */,
				6B5F2B472A5225D600A64EE1 /* EarthProject.rcproject */,
				6B5F2B112A51B91000A64EE1 /* Planetary */,
				6B5F2B102A51B91000A64EE1 /* Products */,
			);
			sourceTree = "<group>";
		};
		6B5F2B102A51B91000A64EE1 /* Products */ = {
			isa = PBXGroup;
			children = (
				6B5F2B0F2A51B91000A64EE1 /* Planetary.app */,
			);
			name = Products;
			sourceTree = "<group>";
		};
		6B5F2B112A51B91000A64EE1 /* Planetary */ = {
			isa = PBXGroup;
			children = (
				6B5F2B122A51B91000A64EE1 /* PlanetaryApp.swift */,
				6B5F2B452A52259E00A64EE1 /* MainARView.swift */,
				6B5F2B142A51B91000A64EE1 /* DetailView.swift */,
				6B5F2B162A51B91100A64EE1 /* Assets.xcassets */,
				6B5F2B182A51B91100A64EE1 /* Preview Content */,
				6B51B9482A54B2D8009BD69E /* MainARViewController.swift */,
				6B51B96A2A562478009BD69E /* Helpers.swift */,
			);
			path = Planetary;
			sourceTree = "<group>";
		};
		6B5F2B182A51B91100A64EE1 /* Preview Content */ = {
			isa = PBXGroup;
			children = (
				6B5F2B192A51B91100A64EE1 /* Preview Assets.xcassets */,
			);
			path = "Preview Content";
			sourceTree = "<group>";
		};
/* End PBXGroup section */

/* Begin PBXNativeTarget section */
		6B5F2B0E2A51B91000A64EE1 /* Planetary */ = {
			isa = PBXNativeTarget;
			buildConfigurationList = 6B5F2B1D2A51B91100A64EE1 /* Build configuration list for PBXNativeTarget "Planetary" */;
			buildPhases = (
				6B5F2B0B2A51B91000A64EE1 /* Sources */,
				6B5F2B0C2A51B91000A64EE1 /* Frameworks */,
				6B5F2B0D2A51B91000A64EE1 /* Resources */,
			);
			buildRules = (
			);
			dependencies = (
			);
			name = Planetary;
			productName = Planetary;
			productReference = 6B5F2B0F2A51B91000A64EE1 /* Planetary.app */;
			productType = "com.apple.product-type.application";
		};
/* End PBXNativeTarget section */

/* Begin PBXProject section */
		6B5F2B072A51B91000A64EE1 /* Project object */ = {
			isa = PBXProject;
			attributes = {
				BuildIndependentTargetsInParallel = 1;
				LastSwiftUpdateCheck = 1400;
				LastUpgradeCheck = 1400;
				TargetAttributes = {
					6B5F2B0E2A51B91000A64EE1 = {
						CreatedOnToolsVersion = 14.0.1;
					};
				};
			};
			buildConfigurationList = 6B5F2B0A2A51B91000A64EE1 /* Build configuration list for PBXProject "Planetary" */;
			compatibilityVersion = "Xcode 14.0";
			developmentRegion = en;
			hasScannedForEncodings = 0;
			knownRegions = (
				en,
				Base,
			);
			mainGroup = 6B5F2B062A51B91000A64EE1;
			productRefGroup = 6B5F2B102A51B91000A64EE1 /* Products */;
			projectDirPath = "";
			projectRoot = "";
			targets = (
				6B5F2B0E2A51B91000A64EE1 /* Planetary */,
			);
		};
/* End PBXProject section */

/* Begin PBXResourcesBuildPhase section */
		6B5F2B0D2A51B91000A64EE1 /* Resources */ = {
			isa = PBXResourcesBuildPhase;
			buildActionMask = 2147483647;
			files = (
				6B51B9472A544C29009BD69E /* Sun.usdz in Resources */,
				6B5F2B4A2A52409300A64EE1 /* Moon.usdz in Resources */,
				6B5F2B252A51BC2100A64EE1 /* Earth.usdz in Resources */,
				6B5F2B1A2A51B91100A64EE1 /* Preview Assets.xcassets in Resources */,
				6B5F2B172A51B91100A64EE1 /* Assets.xcassets in Resources */,
			);
			runOnlyForDeploymentPostprocessing = 0;
		};
/* End PBXResourcesBuildPhase section */

/* Begin PBXSourcesBuildPhase section */
		6B5F2B0B2A51B91000A64EE1 /* Sources */ = {
			isa = PBXSourcesBuildPhase;
			buildActionMask = 2147483647;
			files = (
				6B5F2B152A51B91000A64EE1 /* DetailView.swift in Sources */,
				6B51B96B2A562478009BD69E /* Helpers.swift in Sources */,
				6B51B9492A54B2D8009BD69E /* MainARViewController.swift in Sources */,
				6B5F2B462A52259E00A64EE1 /* MainARView.swift in Sources */,
				6B5F2B132A51B91000A64EE1 /* PlanetaryApp.swift in Sources */,
				6B5F2B482A5225D600A64EE1 /* EarthProject.rcproject in Sources */,
			);
			runOnlyForDeploymentPostprocessing = 0;
		};
/* End PBXSourcesBuildPhase section */

/* Begin XCBuildConfiguration section */
		6B5F2B1B2A51B91100A64EE1 /* Debug */ = {
			isa = XCBuildConfiguration;
			buildSettings = {
				ALWAYS_SEARCH_USER_PATHS = NO;
				CLANG_ANALYZER_NONNULL = YES;
				CLANG_ANALYZER_NUMBER_OBJECT_CONVERSION = YES_AGGRESSIVE;
				CLANG_CXX_LANGUAGE_STANDARD = "gnu++20";
				CLANG_ENABLE_MODULES = YES;
				CLANG_ENABLE_OBJC_ARC = YES;
				CLANG_ENABLE_OBJC_WEAK = YES;
				CLANG_WARN_BLOCK_CAPTURE_AUTORELEASING = YES;
				CLANG_WARN_BOOL_CONVERSION = YES;
				CLANG_WARN_COMMA = YES;
				CLANG_WARN_CONSTANT_CONVERSION = YES;
				CLANG_WARN_DEPRECATED_OBJC_IMPLEMENTATIONS = YES;
				CLANG_WARN_DIRECT_OBJC_ISA_USAGE = YES_ERROR;
				CLANG_WARN_DOCUMENTATION_COMMENTS = YES;
				CLANG_WARN_EMPTY_BODY = YES;
				CLANG_WARN_ENUM_CONVERSION = YES;
				CLANG_WARN_INFINITE_RECURSION = YES;
				CLANG_WARN_INT_CONVERSION = YES;
				CLANG_WARN_NON_LITERAL_NULL_CONVERSION = YES;
				CLANG_WARN_OBJC_IMPLICIT_RETAIN_SELF = YES;
				CLANG_WARN_OBJC_LITERAL_CONVERSION = YES;
				CLANG_WARN_OBJC_ROOT_CLASS = YES_ERROR;
				CLANG_WARN_QUOTED_INCLUDE_IN_FRAMEWORK_HEADER = YES;
				CLANG_WARN_RANGE_LOOP_ANALYSIS = YES;
				CLANG_WARN_STRICT_PROTOTYPES = YES;
				CLANG_WARN_SUSPICIOUS_MOVE = YES;
				CLANG_WARN_UNGUARDED_AVAILABILITY = YES_AGGRESSIVE;
				CLANG_WARN_UNREACHABLE_CODE = YES;
				CLANG_WARN__DUPLICATE_METHOD_MATCH = YES;
				COPY_PHASE_STRIP = NO;
				DEBUG_INFORMATION_FORMAT = dwarf;
				ENABLE_STRICT_OBJC_MSGSEND = YES;
				ENABLE_TESTABILITY = YES;
				GCC_C_LANGUAGE_STANDARD = gnu11;
				GCC_DYNAMIC_NO_PIC = NO;
				GCC_NO_COMMON_BLOCKS = YES;
				GCC_OPTIMIZATION_LEVEL = 0;
				GCC_PREPROCESSOR_DEFINITIONS = (
					"DEBUG=1",
					"$(inherited)",
				);
				GCC_WARN_64_TO_32_BIT_CONVERSION = YES;
				GCC_WARN_ABOUT_RETURN_TYPE = YES_ERROR;
				GCC_WARN_UNDECLARED_SELECTOR = YES;
				GCC_WARN_UNINITIALIZED_AUTOS = YES_AGGRESSIVE;
				GCC_WARN_UNUSED_FUNCTION = YES;
				GCC_WARN_UNUSED_VARIABLE = YES;
				IPHONEOS_DEPLOYMENT_TARGET = 16.0;
				MTL_ENABLE_DEBUG_INFO = INCLUDE_SOURCE;
				MTL_FAST_MATH = YES;
				ONLY_ACTIVE_ARCH = YES;
				SDKROOT = iphoneos;
				SWIFT_ACTIVE_COMPILATION_CONDITIONS = DEBUG;
				SWIFT_OPTIMIZATION_LEVEL = "-Onone";
			};
			name = Debug;
		};
		6B5F2B1C2A51B91100A64EE1 /* Release */ = {
			isa = XCBuildConfiguration;
			buildSettings = {
				ALWAYS_SEARCH_USER_PATHS = NO;
				CLANG_ANALYZER_NONNULL = YES;
				CLANG_ANALYZER_NUMBER_OBJECT_CONVERSION = YES_AGGRESSIVE;
				CLANG_CXX_LANGUAGE_STANDARD = "gnu++20";
				CLANG_ENABLE_MODULES = YES;
				CLANG_ENABLE_OBJC_ARC = YES;
				CLANG_ENABLE_OBJC_WEAK = YES;
				CLANG_WARN_BLOCK_CAPTURE_AUTORELEASING = YES;
				CLANG_WARN_BOOL_CONVERSION = YES;
				CLANG_WARN_COMMA = YES;
				CLANG_WARN_CONSTANT_CONVERSION = YES;
				CLANG_WARN_DEPRECATED_OBJC_IMPLEMENTATIONS = YES;
				CLANG_WARN_DIRECT_OBJC_ISA_USAGE = YES_ERROR;
				CLANG_WARN_DOCUMENTATION_COMMENTS = YES;
				CLANG_WARN_EMPTY_BODY = YES;
				CLANG_WARN_ENUM_CONVERSION = YES;
				CLANG_WARN_INFINITE_RECURSION = YES;
				CLANG_WARN_INT_CONVERSION = YES;
				CLANG_WARN_NON_LITERAL_NULL_CONVERSION = YES;
				CLANG_WARN_OBJC_IMPLICIT_RETAIN_SELF = YES;
				CLANG_WARN_OBJC_LITERAL_CONVERSION = YES;
				CLANG_WARN_OBJC_ROOT_CLASS = YES_ERROR;
				CLANG_WARN_QUOTED_INCLUDE_IN_FRAMEWORK_HEADER = YES;
				CLANG_WARN_RANGE_LOOP_ANALYSIS = YES;
				CLANG_WARN_STRICT_PROTOTYPES = YES;
				CLANG_WARN_SUSPICIOUS_MOVE = YES;
				CLANG_WARN_UNGUARDED_AVAILABILITY = YES_AGGRESSIVE;
				CLANG_WARN_UNREACHABLE_CODE = YES;
				CLANG_WARN__DUPLICATE_METHOD_MATCH = YES;
				COPY_PHASE_STRIP = NO;
				DEBUG_INFORMATION_FORMAT = "dwarf-with-dsym";
				ENABLE_NS_ASSERTIONS = NO;
				ENABLE_STRICT_OBJC_MSGSEND = YES;
				GCC_C_LANGUAGE_STANDARD = gnu11;
				GCC_NO_COMMON_BLOCKS = YES;
				GCC_WARN_64_TO_32_BIT_CONVERSION = YES;
				GCC_WARN_ABOUT_RETURN_TYPE = YES_ERROR;
				GCC_WARN_UNDECLARED_SELECTOR = YES;
				GCC_WARN_UNINITIALIZED_AUTOS = YES_AGGRESSIVE;
				GCC_WARN_UNUSED_FUNCTION = YES;
				GCC_WARN_UNUSED_VARIABLE = YES;
				IPHONEOS_DEPLOYMENT_TARGET = 16.0;
				MTL_ENABLE_DEBUG_INFO = NO;
				MTL_FAST_MATH = YES;
				SDKROOT = iphoneos;
				SWIFT_COMPILATION_MODE = wholemodule;
				SWIFT_OPTIMIZATION_LEVEL = "-O";
				VALIDATE_PRODUCT = YES;
			};
			name = Release;
		};
		6B5F2B1E2A51B91100A64EE1 /* Debug */ = {
			isa = XCBuildConfiguration;
			buildSettings = {
				ASSETCATALOG_COMPILER_APPICON_NAME = AppIcon;
				ASSETCATALOG_COMPILER_GLOBAL_ACCENT_COLOR_NAME = AccentColor;
				CODE_SIGN_STYLE = Automatic;
				CURRENT_PROJECT_VERSION = 1;
				DEVELOPMENT_ASSET_PATHS = "\"Planetary/Preview Content\"";
				DEVELOPMENT_TEAM = MD64MN365U;
				ENABLE_PREVIEWS = YES;
				GENERATE_INFOPLIST_FILE = YES;
				INFOPLIST_KEY_NSCameraUsageDescription = "";
				INFOPLIST_KEY_UIApplicationSceneManifest_Generation = YES;
				INFOPLIST_KEY_UIApplicationSupportsIndirectInputEvents = YES;
				INFOPLIST_KEY_UILaunchScreen_Generation = YES;
				INFOPLIST_KEY_UISupportedInterfaceOrientations_iPad = "UIInterfaceOrientationPortrait UIInterfaceOrientationPortraitUpsideDown UIInterfaceOrientationLandscapeLeft UIInterfaceOrientationLandscapeRight";
				INFOPLIST_KEY_UISupportedInterfaceOrientations_iPhone = "UIInterfaceOrientationPortrait UIInterfaceOrientationLandscapeLeft UIInterfaceOrientationLandscapeRight";
				LD_RUNPATH_SEARCH_PATHS = (
					"$(inherited)",
					"@executable_path/Frameworks",
				);
				MARKETING_VERSION = 1.0;
				PRODUCT_BUNDLE_IDENTIFIER = "Marlon-Flores.Planetary";
				PRODUCT_NAME = "$(TARGET_NAME)";
				SUPPORTED_PLATFORMS = "iphoneos iphonesimulator";
				SUPPORTS_MACCATALYST = NO;
				SUPPORTS_MAC_DESIGNED_FOR_IPHONE_IPAD = NO;
				SWIFT_EMIT_LOC_STRINGS = YES;
				SWIFT_VERSION = 5.0;
				TARGETED_DEVICE_FAMILY = 1;
			};
			name = Debug;
		};
		6B5F2B1F2A51B91100A64EE1 /* Release */ = {
			isa = XCBuildConfiguration;
			buildSettings = {
				ASSETCATALOG_COMPILER_APPICON_NAME = AppIcon;
				ASSETCATALOG_COMPILER_GLOBAL_ACCENT_COLOR_NAME = AccentColor;
				CODE_SIGN_STYLE = Automatic;
				CURRENT_PROJECT_VERSION = 1;
				DEVELOPMENT_ASSET_PATHS = "\"Planetary/Preview Content\"";
				DEVELOPMENT_TEAM = MD64MN365U;
				ENABLE_PREVIEWS = YES;
				GENERATE_INFOPLIST_FILE = YES;
				INFOPLIST_KEY_NSCameraUsageDescription = "";
				INFOPLIST_KEY_UIApplicationSceneManifest_Generation = YES;
				INFOPLIST_KEY_UIApplicationSupportsIndirectInputEvents = YES;
				INFOPLIST_KEY_UILaunchScreen_Generation = YES;
				INFOPLIST_KEY_UISupportedInterfaceOrientations_iPad = "UIInterfaceOrientationPortrait UIInterfaceOrientationPortraitUpsideDown UIInterfaceOrientationLandscapeLeft UIInterfaceOrientationLandscapeRight";
				INFOPLIST_KEY_UISupportedInterfaceOrientations_iPhone = "UIInterfaceOrientationPortrait UIInterfaceOrientationLandscapeLeft UIInterfaceOrientationLandscapeRight";
				LD_RUNPATH_SEARCH_PATHS = (
					"$(inherited)",
					"@executable_path/Frameworks",
				);
				MARKETING_VERSION = 1.0;
				PRODUCT_BUNDLE_IDENTIFIER = "Marlon-Flores.Planetary";
				PRODUCT_NAME = "$(TARGET_NAME)";
				SUPPORTED_PLATFORMS = "iphoneos iphonesimulator";
				SUPPORTS_MACCATALYST = NO;
				SUPPORTS_MAC_DESIGNED_FOR_IPHONE_IPAD = NO;
				SWIFT_EMIT_LOC_STRINGS = YES;
				SWIFT_VERSION = 5.0;
				TARGETED_DEVICE_FAMILY = 1;
			};
			name = Release;
		};
/* End XCBuildConfiguration section */

/* Begin XCConfigurationList section */
		6B5F2B0A2A51B91000A64EE1 /* Build configuration list for PBXProject "Planetary" */ = {
			isa = XCConfigurationList;
			buildConfigurations = (
				6B5F2B1B2A51B91100A64EE1 /* Debug */,
				6B5F2B1C2A51B91100A64EE1 /* Release */,
			);
			defaultConfigurationIsVisible = 0;
			defaultConfigurationName = Release;
		};
		6B5F2B1D2A51B91100A64EE1 /* Build configuration list for PBXNativeTarget "Planetary" */ = {
			isa = XCConfigurationList;
			buildConfigurations = (
				6B5F2B1E2A51B91100A64EE1 /* Debug */,
				6B5F2B1F2A51B91100A64EE1 /* Release */,
			);
			defaultConfigurationIsVisible = 0;
			defaultConfigurationName = Release;
		};
/* End XCConfigurationList section */
	};
	rootObject = 6B5F2B072A51B91000A64EE1 /* Project object */;
}
